
Microsoft Visual Studio Solution File, Format Version 12.00
# Visual Studio 15
VisualStudioVersion = 15.0.28307.329
MinimumVisualStudioVersion = 10.0.40219.1
Project("{FAE04EC0-301F-11D3-BF4B-00C04F79EFBC}") = "BootApi", "BootApi\BootApi.csproj", "{B042F24B-0EB2-4615-9F44-BD6B134E28EA}"
EndProject
Global
	GlobalSection(SolutionConfigurationPlatforms) = preSolution
		Debug|Any CPU = Debug|Any CPU
		Release|Any CPU = Release|Any CPU
	EndGlobalSection
	GlobalSection(ProjectConfigurationPlatforms) = postSolution
		{B042F24B-0EB2-4615-9F44-BD6B134E28EA}.Debug|Any CPU.ActiveCfg = Debug|Any CPU
		{B042F24B-0EB2-4615-9F44-BD6B134E28EA}.Debug|Any CPU.Build.0 = Debug|Any CPU
		{B042F24B-0EB2-4615-9F44-BD6B134E28EA}.Release|Any CPU.ActiveCfg = Release|Any CPU
		{B042F24B-0EB2-4615-9F44-BD6B134E28EA}.Release|Any CPU.Build.0 = Release|Any CPU
	EndGlobalSection
	GlobalSection(SolutionProperties) = preSolution
		HideSolutionNode = FALSE
	EndGlobalSection
	GlobalSection(ExtensibilityGlobals) = postSolution
		SolutionGuid = {ED12F62A-77E9-4278-BAD3-20E0A98B1C00}
	EndGlobalSection
EndGlobal
